
Microsoft Visual Studio Solution File, Format Version 12.00
# Visual Studio Version 16
VisualStudioVersion = 16.0.31205.134
MinimumVisualStudioVersion = 10.0.40219.1
Project("{8BC9CEB8-8B4A-11D0-8D11-00A0C91BC942}") = "C语言课程设计", "C语言课程设计.vcxproj", "{2E2CB14A-5141-4136-9B14-56A832C31276}"
EndProject
Global
	GlobalSection(SolutionConfigurationPlatforms) = preSolution
		Debug|x64 = Debug|x64
		Debug|x86 = Debug|x86
		Release|x64 = Release|x64
		Release|x86 = Release|x86
	EndGlobalSection
	GlobalSection(ProjectConfigurationPlatforms) = postSolution
		{2E2CB14A-5141-4136-9B14-56A832C31276}.Debug|x64.ActiveCfg = Debug|x64
		{2E2CB14A-5141-4136-9B14-56A832C31276}.Debug|x64.Build.0 = Debug|x64
		{2E2CB14A-5141-4136-9B14-56A832C31276}.Debug|x86.ActiveCfg = Debug|Win32
		{2E2CB14A-5141-4136-9B14-56A832C31276}.Debug|x86.Build.0 = Debug|Win32
		{2E2CB14A-5141-4136-9B14-56A832C31276}.Release|x64.ActiveCfg = Release|x64
		{2E2CB14A-5141-4136-9B14-56A832C31276}.Release|x64.Build.0 = Release|x64
		{2E2CB14A-5141-4136-9B14-56A832C31276}.Release|x86.ActiveCfg = Release|Win32
		{2E2CB14A-5141-4136-9B14-56A832C31276}.Release|x86.Build.0 = Release|Win32
	EndGlobalSection
	GlobalSection(SolutionProperties) = preSolution
		HideSolutionNode = FALSE
	EndGlobalSection
	GlobalSection(ExtensibilityGlobals) = postSolution
		SolutionGuid = {90C7E1DF-258F-4868-A856-85E6E7A404BA}
	EndGlobalSection
EndGlobal
